
Microsoft Visual Studio Solution File, Format Version 12.00
# Visual Studio Version 17
VisualStudioVersion = 17.14.36401.2 d17.14
MinimumVisualStudioVersion = 10.0.40219.1
Project("{FAE04EC0-301F-11D3-BF4B-00C04F79EFBC}") = "RenBeat", "RenBeat\RenBeat.csproj", "{AC063185-F7DA-4447-88F2-31E607671125}"
EndProject
Global
	GlobalSection(SolutionConfigurationPlatforms) = preSolution
		Debug|Any CPU = Debug|Any CPU
		Release|Any CPU = Release|Any CPU
	EndGlobalSection
	GlobalSection(ProjectConfigurationPlatforms) = postSolution
		{AC063185-F7DA-4447-88F2-31E607671125}.Debug|Any CPU.ActiveCfg = Debug|Any CPU
		{AC063185-F7DA-4447-88F2-31E607671125}.Debug|Any CPU.Build.0 = Debug|Any CPU
		{AC063185-F7DA-4447-88F2-31E607671125}.Release|Any CPU.ActiveCfg = Release|Any CPU
		{AC063185-F7DA-4447-88F2-31E607671125}.Release|Any CPU.Build.0 = Release|Any CPU
	EndGlobalSection
	GlobalSection(SolutionProperties) = preSolution
		HideSolutionNode = FALSE
	EndGlobalSection
	GlobalSection(ExtensibilityGlobals) = postSolution
		SolutionGuid = {87D9D2C3-377B-4274-977E-381AE4EAAB8A}
	EndGlobalSection
EndGlobal
